
Microsoft Visual Studio Solution File, Format Version 11.00
# Visual C# Express 2010
Project("{FAE04EC0-301F-11D3-BF4B-00C04F79EFBC}") = "spel_project_1", "spel_project_1\spel_project_1\spel_project_1.csproj", "{C3A2B7AC-967E-4FAF-8E53-224446E103BA}"
EndProject
Project("{96E2B04D-8817-42C6-938A-82C39BA4D311}") = "spel_project_1Content", "spel_project_1\spel_project_1Content\spel_project_1Content.contentproj", "{11A53473-4A5A-49A0-91AA-DB338A3D8CB6}"
EndProject
Global
	GlobalSection(SolutionConfigurationPlatforms) = preSolution
		Debug|x86 = Debug|x86
		Release|x86 = Release|x86
	EndGlobalSection
	GlobalSection(ProjectConfigurationPlatforms) = postSolution
		{C3A2B7AC-967E-4FAF-8E53-224446E103BA}.Debug|x86.ActiveCfg = Debug|x86
		{C3A2B7AC-967E-4FAF-8E53-224446E103BA}.Debug|x86.Build.0 = Debug|x86
		{C3A2B7AC-967E-4FAF-8E53-224446E103BA}.Release|x86.ActiveCfg = Release|x86
		{C3A2B7AC-967E-4FAF-8E53-224446E103BA}.Release|x86.Build.0 = Release|x86
		{11A53473-4A5A-49A0-91AA-DB338A3D8CB6}.Debug|x86.ActiveCfg = Debug|x86
		{11A53473-4A5A-49A0-91AA-DB338A3D8CB6}.Release|x86.ActiveCfg = Release|x86
	EndGlobalSection
	GlobalSection(SolutionProperties) = preSolution
		HideSolutionNode = FALSE
	EndGlobalSection
EndGlobal
